
Microsoft Visual Studio Solution File, Format Version 12.00
# Visual Studio Version 17
VisualStudioVersion = 17.7.34031.279
MinimumVisualStudioVersion = 10.0.40219.1
Project("{9A19103F-16F7-4668-BE54-9A1E7A4F7556}") = "DepersonalizationPersonalData", "DepersonalizationPersonalData\DepersonalizationPersonalData.csproj", "{720EE32C-FCA3-4843-96A7-7ADACC3671C8}"
EndProject
Project("{FAE04EC0-301F-11D3-BF4B-00C04F79EFBC}") = "DbMigrator", "DbMigrator\DbMigrator.csproj", "{8F5AC893-9A6A-4D10-AC1B-3104BAF180E1}"
EndProject
Global
	GlobalSection(SolutionConfigurationPlatforms) = preSolution
		Debug|Any CPU = Debug|Any CPU
		Release|Any CPU = Release|Any CPU
	EndGlobalSection
	GlobalSection(ProjectConfigurationPlatforms) = postSolution
		{720EE32C-FCA3-4843-96A7-7ADACC3671C8}.Debug|Any CPU.ActiveCfg = Debug|Any CPU
		{720EE32C-FCA3-4843-96A7-7ADACC3671C8}.Debug|Any CPU.Build.0 = Debug|Any CPU
		{720EE32C-FCA3-4843-96A7-7ADACC3671C8}.Release|Any CPU.ActiveCfg = Release|Any CPU
		{720EE32C-FCA3-4843-96A7-7ADACC3671C8}.Release|Any CPU.Build.0 = Release|Any CPU
		{8F5AC893-9A6A-4D10-AC1B-3104BAF180E1}.Debug|Any CPU.ActiveCfg = Debug|Any CPU
		{8F5AC893-9A6A-4D10-AC1B-3104BAF180E1}.Debug|Any CPU.Build.0 = Debug|Any CPU
		{8F5AC893-9A6A-4D10-AC1B-3104BAF180E1}.Release|Any CPU.ActiveCfg = Release|Any CPU
		{8F5AC893-9A6A-4D10-AC1B-3104BAF180E1}.Release|Any CPU.Build.0 = Release|Any CPU
	EndGlobalSection
	GlobalSection(SolutionProperties) = preSolution
		HideSolutionNode = FALSE
	EndGlobalSection
	GlobalSection(ExtensibilityGlobals) = postSolution
		SolutionGuid = {00FE3E88-0C9F-46DB-A208-C5AD8D220CF3}
	EndGlobalSection
EndGlobal
